
Microsoft Visual Studio Solution File, Format Version 12.00
# Visual Studio 15
VisualStudioVersion = 15.0.27004.2006
MinimumVisualStudioVersion = 10.0.40219.1
Project("{FAE04EC0-301F-11D3-BF4B-00C04F79EFBC}") = "Simon", "Simon\Simon.csproj", "{89201F29-6012-44C1-B4DE-765D911C8B9E}"
EndProject
Project("{FAE04EC0-301F-11D3-BF4B-00C04F79EFBC}") = "practise6", "..\..\..\hw261218\practise6\practise6.csproj", "{1C2AFD24-BFC2-4EFC-8546-32288BA85915}"
EndProject
Global
	GlobalSection(SolutionConfigurationPlatforms) = preSolution
		Debug|Any CPU = Debug|Any CPU
		Release|Any CPU = Release|Any CPU
	EndGlobalSection
	GlobalSection(ProjectConfigurationPlatforms) = postSolution
		{89201F29-6012-44C1-B4DE-765D911C8B9E}.Debug|Any CPU.ActiveCfg = Debug|Any CPU
		{89201F29-6012-44C1-B4DE-765D911C8B9E}.Debug|Any CPU.Build.0 = Debug|Any CPU
		{89201F29-6012-44C1-B4DE-765D911C8B9E}.Release|Any CPU.ActiveCfg = Release|Any CPU
		{89201F29-6012-44C1-B4DE-765D911C8B9E}.Release|Any CPU.Build.0 = Release|Any CPU
		{1C2AFD24-BFC2-4EFC-8546-32288BA85915}.Debug|Any CPU.ActiveCfg = Debug|Any CPU
		{1C2AFD24-BFC2-4EFC-8546-32288BA85915}.Debug|Any CPU.Build.0 = Debug|Any CPU
		{1C2AFD24-BFC2-4EFC-8546-32288BA85915}.Release|Any CPU.ActiveCfg = Release|Any CPU
		{1C2AFD24-BFC2-4EFC-8546-32288BA85915}.Release|Any CPU.Build.0 = Release|Any CPU
	EndGlobalSection
	GlobalSection(SolutionProperties) = preSolution
		HideSolutionNode = FALSE
	EndGlobalSection
	GlobalSection(ExtensibilityGlobals) = postSolution
		SolutionGuid = {7B887F8D-5038-4A52-A4A0-82B724C7B554}
	EndGlobalSection
EndGlobal
